// !$*UTF8*$!
{
	archiveVersion = 1;
	classes = {
	};
	objectVersion = 48;
	objects = {

/* Begin PBXBuildFile section */
		62646BE5442D792553D6C06A /* Pods_Nasa_Api_Tests.framework in Frameworks */ = {isa = PBXBuildFile; fileRef = 78320130EC0D25D3DF657C6D /* Pods_Nasa_Api_Tests.framework */; };
		B80471B42092BDC000805C00 /* SignupController.swift in Sources */ = {isa = PBXBuildFile; fileRef = B80471B32092BDC000805C00 /* SignupController.swift */; };
		B81CE9D0218B14B200DD4684 /* NetworkManager.swift in Sources */ = {isa = PBXBuildFile; fileRef = B81CE9CF218B14B200DD4684 /* NetworkManager.swift */; };
		B81CE9D2218B17EC00DD4684 /* ApodObjModel.swift in Sources */ = {isa = PBXBuildFile; fileRef = B81CE9D1218B17EC00DD4684 /* ApodObjModel.swift */; };
		B82089EB218086F400A8C6FE /* CoreDataManager.swift in Sources */ = {isa = PBXBuildFile; fileRef = B82089EA218086F400A8C6FE /* CoreDataManager.swift */; };
		B82089EE2180887400A8C6FE /* SignedUser.swift in Sources */ = {isa = PBXBuildFile; fileRef = B82089ED2180887400A8C6FE /* SignedUser.swift */; };
		B82089F1218088B200A8C6FE /* SignedUserable.swift in Sources */ = {isa = PBXBuildFile; fileRef = B82089F0218088B200A8C6FE /* SignedUserable.swift */; };
		B82089F3218089E400A8C6FE /* EntitySignedUser.swift in Sources */ = {isa = PBXBuildFile; fileRef = B82089F2218089E400A8C6FE /* EntitySignedUser.swift */; };
		B823BA362175642100FF1EF2 /* CoreDataHelper.swift in Sources */ = {isa = PBXBuildFile; fileRef = B823BA352175642100FF1EF2 /* CoreDataHelper.swift */; };
		B83BBCE921B1496900347C7A /* LoginHandler.swift in Sources */ = {isa = PBXBuildFile; fileRef = B83BBCE821B1496900347C7A /* LoginHandler.swift */; };
		B84510EE2189CC89008904A5 /* Menu.storyboard in Resources */ = {isa = PBXBuildFile; fileRef = B84510F02189CC8A008904A5 /* Menu.storyboard */; };
		B85C6098218A7B2B0009E58B /* ListOfLinks.storyboard in Resources */ = {isa = PBXBuildFile; fileRef = B85C6097218A7B2B0009E58B /* ListOfLinks.storyboard */; };
		B85C609B218A7E660009E58B /* LinkListCell.swift in Sources */ = {isa = PBXBuildFile; fileRef = B85C609A218A7E660009E58B /* LinkListCell.swift */; };
		B85C609D218A7F240009E58B /* LinkListController.swift in Sources */ = {isa = PBXBuildFile; fileRef = B85C609C218A7F240009E58B /* LinkListController.swift */; };
		B85C609F218A874A0009E58B /* NasaFeedModel.swift in Sources */ = {isa = PBXBuildFile; fileRef = B85C609E218A874A0009E58B /* NasaFeedModel.swift */; };
		B85C60A1218A8F400009E58B /* LinkDetailController.swift in Sources */ = {isa = PBXBuildFile; fileRef = B85C60A0218A8F400009E58B /* LinkDetailController.swift */; };
		B85CB4BB219191EB0012DFA6 /* AsteroidsModel.swift in Sources */ = {isa = PBXBuildFile; fileRef = B85CB4BA219191EB0012DFA6 /* AsteroidsModel.swift */; };
		B85CB4BF21919C5B0012DFA6 /* AsteroidDistance.swift in Sources */ = {isa = PBXBuildFile; fileRef = B85CB4BE21919C5B0012DFA6 /* AsteroidDistance.swift */; };
		B8844D8621BDD84B00E87F60 /* IntroInteractor.swift in Sources */ = {isa = PBXBuildFile; fileRef = B8844D8521BDD84B00E87F60 /* IntroInteractor.swift */; };
		B8844D8821BDD89600E87F60 /* IntroPresenter.swift in Sources */ = {isa = PBXBuildFile; fileRef = B8844D8721BDD89600E87F60 /* IntroPresenter.swift */; };
		B8929FB6204A2D9E00FB5C05 /* AppDelegate.swift in Sources */ = {isa = PBXBuildFile; fileRef = B8929FB5204A2D9E00FB5C05 /* AppDelegate.swift */; };
		B8929FB8204A2D9E00FB5C05 /* IntroController.swift in Sources */ = {isa = PBXBuildFile; fileRef = B8929FB7204A2D9E00FB5C05 /* IntroController.swift */; };
		B8929FBB204A2D9E00FB5C05 /* Main.storyboard in Resources */ = {isa = PBXBuildFile; fileRef = B8929FB9204A2D9E00FB5C05 /* Main.storyboard */; };
		B8929FBD204A2D9E00FB5C05 /* Assets.xcassets in Resources */ = {isa = PBXBuildFile; fileRef = B8929FBC204A2D9E00FB5C05 /* Assets.xcassets */; };
		B8929FC0204A2D9E00FB5C05 /* LaunchScreen.storyboard in Resources */ = {isa = PBXBuildFile; fileRef = B8929FBE204A2D9E00FB5C05 /* LaunchScreen.storyboard */; };
		B8929FCB204A2D9F00FB5C05 /* Nasa_Api_TestsUITests.swift in Sources */ = {isa = PBXBuildFile; fileRef = B8929FCA204A2D9F00FB5C05 /* Nasa_Api_TestsUITests.swift */; };
		B8929FE0204A2FCE00FB5C05 /* UserData.xcdatamodeld in Sources */ = {isa = PBXBuildFile; fileRef = B8929FDE204A2FCE00FB5C05 /* UserData.xcdatamodeld */; };
		B8BF13C9217CFF0500E31C90 /* MenuController.swift in Sources */ = {isa = PBXBuildFile; fileRef = B8BF13C8217CFF0500E31C90 /* MenuController.swift */; };
		B8C850B421A1C5100003AFAB /* LoginValidationHelper.swift in Sources */ = {isa = PBXBuildFile; fileRef = B8C850B321A1C5100003AFAB /* LoginValidationHelper.swift */; };
		B8C850B821A1C5450003AFAB /* ErrorType.swift in Sources */ = {isa = PBXBuildFile; fileRef = B8C850B721A1C5450003AFAB /* ErrorType.swift */; };
		B8E451D92059DF2100FBBCCE /* Localizable.strings in Resources */ = {isa = PBXBuildFile; fileRef = B8E451DB2059DF2100FBBCCE /* Localizable.strings */; };
/* End PBXBuildFile section */

/* Begin PBXContainerItemProxy section */
		B8929FC7204A2D9F00FB5C05 /* PBXContainerItemProxy */ = {
			isa = PBXContainerItemProxy;
			containerPortal = B8929FAA204A2D9E00FB5C05 /* Project object */;
			proxyType = 1;
			remoteGlobalIDString = B8929FB1204A2D9E00FB5C05;
			remoteInfo = "Nasa Api Tests";
		};
/* End PBXContainerItemProxy section */

/* Begin PBXFileReference section */
		36EF93A8ED32CA8EDC675C2A /* Pods-Nasa Api Tests.debug.xcconfig */ = {isa = PBXFileReference; includeInIndex = 1; lastKnownFileType = text.xcconfig; name = "Pods-Nasa Api Tests.debug.xcconfig"; path = "Pods/Target Support Files/Pods-Nasa Api Tests/Pods-Nasa Api Tests.debug.xcconfig"; sourceTree = "<group>"; };
		5CC0A7FC015AB192845DEA85 /* Pods-Nasa Api Tests.release.xcconfig */ = {isa = PBXFileReference; includeInIndex = 1; lastKnownFileType = text.xcconfig; name = "Pods-Nasa Api Tests.release.xcconfig"; path = "Pods/Target Support Files/Pods-Nasa Api Tests/Pods-Nasa Api Tests.release.xcconfig"; sourceTree = "<group>"; };
		78320130EC0D25D3DF657C6D /* Pods_Nasa_Api_Tests.framework */ = {isa = PBXFileReference; explicitFileType = wrapper.framework; includeInIndex = 0; path = Pods_Nasa_Api_Tests.framework; sourceTree = BUILT_PRODUCTS_DIR; };
		B80471B32092BDC000805C00 /* SignupController.swift */ = {isa = PBXFileReference; lastKnownFileType = sourcecode.swift; path = SignupController.swift; sourceTree = "<group>"; };
		B81CE9CF218B14B200DD4684 /* NetworkManager.swift */ = {isa = PBXFileReference; lastKnownFileType = sourcecode.swift; path = NetworkManager.swift; sourceTree = "<group>"; };
		B81CE9D1218B17EC00DD4684 /* ApodObjModel.swift */ = {isa = PBXFileReference; lastKnownFileType = sourcecode.swift; path = ApodObjModel.swift; sourceTree = "<group>"; };
		B82089EA218086F400A8C6FE /* CoreDataManager.swift */ = {isa = PBXFileReference; lastKnownFileType = sourcecode.swift; path = CoreDataManager.swift; sourceTree = "<group>"; };
		B82089ED2180887400A8C6FE /* SignedUser.swift */ = {isa = PBXFileReference; lastKnownFileType = sourcecode.swift; path = SignedUser.swift; sourceTree = "<group>"; };
		B82089F0218088B200A8C6FE /* SignedUserable.swift */ = {isa = PBXFileReference; lastKnownFileType = sourcecode.swift; path = SignedUserable.swift; sourceTree = "<group>"; };
		B82089F2218089E400A8C6FE /* EntitySignedUser.swift */ = {isa = PBXFileReference; lastKnownFileType = sourcecode.swift; path = EntitySignedUser.swift; sourceTree = "<group>"; };
		B823BA352175642100FF1EF2 /* CoreDataHelper.swift */ = {isa = PBXFileReference; lastKnownFileType = sourcecode.swift; path = CoreDataHelper.swift; sourceTree = "<group>"; };
		B83BBCE821B1496900347C7A /* LoginHandler.swift */ = {isa = PBXFileReference; lastKnownFileType = sourcecode.swift; path = LoginHandler.swift; sourceTree = "<group>"; };
		B84510EF2189CC8A008904A5 /* Base */ = {isa = PBXFileReference; lastKnownFileType = file.storyboard; name = Base; path = Base.lproj/Menu.storyboard; sourceTree = "<group>"; };
		B84510F22189CCA1008904A5 /* pt-BR */ = {isa = PBXFileReference; lastKnownFileType = text.plist.strings; name = "pt-BR"; path = "pt-BR.lproj/Menu.strings"; sourceTree = "<group>"; };
		B85C6097218A7B2B0009E58B /* ListOfLinks.storyboard */ = {isa = PBXFileReference; lastKnownFileType = file.storyboard; path = ListOfLinks.storyboard; sourceTree = "<group>"; };
		B85C609A218A7E660009E58B /* LinkListCell.swift */ = {isa = PBXFileReference; lastKnownFileType = sourcecode.swift; path = LinkListCell.swift; sourceTree = "<group>"; };
		B85C609C218A7F240009E58B /* LinkListController.swift */ = {isa = PBXFileReference; lastKnownFileType = sourcecode.swift; path = LinkListController.swift; sourceTree = "<group>"; };
		B85C609E218A874A0009E58B /* NasaFeedModel.swift */ = {isa = PBXFileReference; lastKnownFileType = sourcecode.swift; path = NasaFeedModel.swift; sourceTree = "<group>"; };
		B85C60A0218A8F400009E58B /* LinkDetailController.swift */ = {isa = PBXFileReference; lastKnownFileType = sourcecode.swift; path = LinkDetailController.swift; sourceTree = "<group>"; };
		B85CB4BA219191EB0012DFA6 /* AsteroidsModel.swift */ = {isa = PBXFileReference; lastKnownFileType = sourcecode.swift; path = AsteroidsModel.swift; sourceTree = "<group>"; };
		B85CB4BE21919C5B0012DFA6 /* AsteroidDistance.swift */ = {isa = PBXFileReference; lastKnownFileType = sourcecode.swift; path = AsteroidDistance.swift; sourceTree = "<group>"; };
		B8844D8321BDBC0D00E87F60 /* en */ = {isa = PBXFileReference; lastKnownFileType = text.plist.strings; name = en; path = en.lproj/Menu.strings; sourceTree = "<group>"; };
		B8844D8521BDD84B00E87F60 /* IntroInteractor.swift */ = {isa = PBXFileReference; lastKnownFileType = sourcecode.swift; path = IntroInteractor.swift; sourceTree = "<group>"; };
		B8844D8721BDD89600E87F60 /* IntroPresenter.swift */ = {isa = PBXFileReference; lastKnownFileType = sourcecode.swift; path = IntroPresenter.swift; sourceTree = "<group>"; };
		B8929FB2204A2D9E00FB5C05 /* NasaApi.dev.app */ = {isa = PBXFileReference; explicitFileType = wrapper.application; includeInIndex = 0; path = NasaApi.dev.app; sourceTree = BUILT_PRODUCTS_DIR; };
		B8929FB5204A2D9E00FB5C05 /* AppDelegate.swift */ = {isa = PBXFileReference; lastKnownFileType = sourcecode.swift; path = AppDelegate.swift; sourceTree = "<group>"; };
		B8929FB7204A2D9E00FB5C05 /* IntroController.swift */ = {isa = PBXFileReference; lastKnownFileType = sourcecode.swift; path = IntroController.swift; sourceTree = "<group>"; };
		B8929FBA204A2D9E00FB5C05 /* Base */ = {isa = PBXFileReference; lastKnownFileType = file.storyboard; name = Base; path = Base.lproj/Main.storyboard; sourceTree = "<group>"; };
		B8929FBC204A2D9E00FB5C05 /* Assets.xcassets */ = {isa = PBXFileReference; lastKnownFileType = folder.assetcatalog; path = Assets.xcassets; sourceTree = "<group>"; };
		B8929FBF204A2D9E00FB5C05 /* Base */ = {isa = PBXFileReference; lastKnownFileType = file.storyboard; name = Base; path = Base.lproj/LaunchScreen.storyboard; sourceTree = "<group>"; };
		B8929FC1204A2D9E00FB5C05 /* Info.plist */ = {isa = PBXFileReference; lastKnownFileType = text.plist.xml; path = Info.plist; sourceTree = "<group>"; };
		B8929FC6204A2D9F00FB5C05 /* Nasa Api TestsUITests.xctest */ = {isa = PBXFileReference; explicitFileType = wrapper.cfbundle; includeInIndex = 0; path = "Nasa Api TestsUITests.xctest"; sourceTree = BUILT_PRODUCTS_DIR; };
		B8929FCA204A2D9F00FB5C05 /* Nasa_Api_TestsUITests.swift */ = {isa = PBXFileReference; lastKnownFileType = sourcecode.swift; path = Nasa_Api_TestsUITests.swift; sourceTree = "<group>"; };
		B8929FCC204A2D9F00FB5C05 /* Info.plist */ = {isa = PBXFileReference; lastKnownFileType = text.plist.xml; path = Info.plist; sourceTree = "<group>"; };
		B8929FDF204A2FCE00FB5C05 /* UserData.xcdatamodel */ = {isa = PBXFileReference; lastKnownFileType = wrapper.xcdatamodel; path = UserData.xcdatamodel; sourceTree = "<group>"; };
		B8BF13C8217CFF0500E31C90 /* MenuController.swift */ = {isa = PBXFileReference; lastKnownFileType = sourcecode.swift; path = MenuController.swift; sourceTree = "<group>"; };
		B8C850B321A1C5100003AFAB /* LoginValidationHelper.swift */ = {isa = PBXFileReference; lastKnownFileType = sourcecode.swift; path = LoginValidationHelper.swift; sourceTree = "<group>"; };
		B8C850B721A1C5450003AFAB /* ErrorType.swift */ = {isa = PBXFileReference; lastKnownFileType = sourcecode.swift; path = ErrorType.swift; sourceTree = "<group>"; };
		B8E451DA2059DF2100FBBCCE /* en */ = {isa = PBXFileReference; lastKnownFileType = text.plist.strings; name = en; path = en.lproj/Localizable.strings; sourceTree = "<group>"; };
		B8E451DC2059DF8A00FBBCCE /* pt-BR */ = {isa = PBXFileReference; lastKnownFileType = text.plist.strings; name = "pt-BR"; path = "pt-BR.lproj/Main.strings"; sourceTree = "<group>"; };
		B8E451DD2059DF8B00FBBCCE /* pt-BR */ = {isa = PBXFileReference; lastKnownFileType = text.plist.strings; name = "pt-BR"; path = "pt-BR.lproj/LaunchScreen.strings"; sourceTree = "<group>"; };
		B8E451DE2059DF8B00FBBCCE /* pt-BR */ = {isa = PBXFileReference; lastKnownFileType = text.plist.strings; name = "pt-BR"; path = "pt-BR.lproj/Localizable.strings"; sourceTree = "<group>"; };
		B8E451E02059DFC400FBBCCE /* en */ = {isa = PBXFileReference; lastKnownFileType = text.plist.strings; name = en; path = en.lproj/Main.strings; sourceTree = "<group>"; };
/* End PBXFileReference section */

/* Begin PBXFrameworksBuildPhase section */
		B8929FAF204A2D9E00FB5C05 /* Frameworks */ = {
			isa = PBXFrameworksBuildPhase;
			buildActionMask = 2147483647;
			files = (
				62646BE5442D792553D6C06A /* Pods_Nasa_Api_Tests.framework in Frameworks */,
			);
			runOnlyForDeploymentPostprocessing = 0;
		};
		B8929FC3204A2D9F00FB5C05 /* Frameworks */ = {
			isa = PBXFrameworksBuildPhase;
			buildActionMask = 2147483647;
			files = (
			);
			runOnlyForDeploymentPostprocessing = 0;
		};
/* End PBXFrameworksBuildPhase section */

/* Begin PBXGroup section */
		2674503E7D8400BD49B6A3EA /* Pods */ = {
			isa = PBXGroup;
			children = (
				36EF93A8ED32CA8EDC675C2A /* Pods-Nasa Api Tests.debug.xcconfig */,
				5CC0A7FC015AB192845DEA85 /* Pods-Nasa Api Tests.release.xcconfig */,
			);
			name = Pods;
			sourceTree = "<group>";
		};
		684C85C6765B52FCDF74FC99 /* Frameworks */ = {
			isa = PBXGroup;
			children = (
				78320130EC0D25D3DF657C6D /* Pods_Nasa_Api_Tests.framework */,
			);
			name = Frameworks;
			sourceTree = "<group>";
		};
		B82089E9218086C900A8C6FE /* Entity Objects */ = {
			isa = PBXGroup;
			children = (
				B82089F2218089E400A8C6FE /* EntitySignedUser.swift */,
			);
			name = "Entity Objects";
			sourceTree = "<group>";
		};
		B82089EC2180885E00A8C6FE /* Model */ = {
			isa = PBXGroup;
			children = (
				B81CE9D1218B17EC00DD4684 /* ApodObjModel.swift */,
				B85CB4BA219191EB0012DFA6 /* AsteroidsModel.swift */,
				B82089ED2180887400A8C6FE /* SignedUser.swift */,
				B85C609E218A874A0009E58B /* NasaFeedModel.swift */,
				B85CB4BE21919C5B0012DFA6 /* AsteroidDistance.swift */,
			);
			name = Model;
			sourceTree = "<group>";
		};
		B82089EF218088A400A8C6FE /* Protocols */ = {
			isa = PBXGroup;
			children = (
				B82089F0218088B200A8C6FE /* SignedUserable.swift */,
			);
			name = Protocols;
			sourceTree = "<group>";
		};
		B83BBCE721B1495E00347C7A /* Structs */ = {
			isa = PBXGroup;
			children = (
				B83BBCE821B1496900347C7A /* LoginHandler.swift */,
			);
			path = Structs;
			sourceTree = "<group>";
		};
		B85C6099218A7E400009E58B /* View */ = {
			isa = PBXGroup;
			children = (
				B85C609A218A7E660009E58B /* LinkListCell.swift */,
			);
			name = View;
			sourceTree = "<group>";
		};
		B85C60A2218A95A10009E58B /* Network */ = {
			isa = PBXGroup;
			children = (
				B81CE9CF218B14B200DD4684 /* NetworkManager.swift */,
			);
			path = Network;
			sourceTree = "<group>";
		};
		B8844D8421BDD83700E87F60 /* Intro */ = {
			isa = PBXGroup;
			children = (
				B8844D8521BDD84B00E87F60 /* IntroInteractor.swift */,
				B8844D8721BDD89600E87F60 /* IntroPresenter.swift */,
			);
			name = Intro;
			sourceTree = "<group>";
		};
		B8929FA9204A2D9E00FB5C05 = {
			isa = PBXGroup;
			children = (
				B8929FB4204A2D9E00FB5C05 /* Nasa Api Tests */,
				B8929FC9204A2D9F00FB5C05 /* Nasa Api TestsUITests */,
				B8929FB3204A2D9E00FB5C05 /* Products */,
				2674503E7D8400BD49B6A3EA /* Pods */,
				684C85C6765B52FCDF74FC99 /* Frameworks */,
			);
			sourceTree = "<group>";
		};
		B8929FB3204A2D9E00FB5C05 /* Products */ = {
			isa = PBXGroup;
			children = (
				B8929FB2204A2D9E00FB5C05 /* NasaApi.dev.app */,
				B8929FC6204A2D9F00FB5C05 /* Nasa Api TestsUITests.xctest */,
			);
			name = Products;
			sourceTree = "<group>";
		};
		B8929FB4204A2D9E00FB5C05 /* Nasa Api Tests */ = {
			isa = PBXGroup;
			children = (
				B8929FDB204A2EC200FB5C05 /* Other Sources */,
				B8929FD8204A2E9000FB5C05 /* Resources */,
				B8929FD6204A2E6B00FB5C05 /* Sources */,
			);
			path = "Nasa Api Tests";
			sourceTree = "<group>";
		};
		B8929FC9204A2D9F00FB5C05 /* Nasa Api TestsUITests */ = {
			isa = PBXGroup;
			children = (
				B8929FCA204A2D9F00FB5C05 /* Nasa_Api_TestsUITests.swift */,
				B8929FCC204A2D9F00FB5C05 /* Info.plist */,
			);
			path = "Nasa Api TestsUITests";
			sourceTree = "<group>";
		};
		B8929FD6204A2E6B00FB5C05 /* Sources */ = {
			isa = PBXGroup;
			children = (
				B8844D8421BDD83700E87F60 /* Intro */,
				B83BBCE721B1495E00347C7A /* Structs */,
				B8C850B621A1C5360003AFAB /* Enum */,
				B85C60A2218A95A10009E58B /* Network */,
				B85C6099218A7E400009E58B /* View */,
				B82089EF218088A400A8C6FE /* Protocols */,
				B82089EC2180885E00A8C6FE /* Model */,
				B82089E9218086C900A8C6FE /* Entity Objects */,
				B8B208772174A5DF002321BD /* Helpers */,
				B8B208762174A5DA002321BD /* Controllers */,
				B8B208752174A5CB002321BD /* CoreData */,
			);
			path = Sources;
			sourceTree = "<group>";
		};
		B8929FD8204A2E9000FB5C05 /* Resources */ = {
			isa = PBXGroup;
			children = (
				B8929FB9204A2D9E00FB5C05 /* Main.storyboard */,
				B8929FBE204A2D9E00FB5C05 /* LaunchScreen.storyboard */,
				B84510F02189CC8A008904A5 /* Menu.storyboard */,
				B85C6097218A7B2B0009E58B /* ListOfLinks.storyboard */,
				B8929FD9204A2E9E00FB5C05 /* Media */,
			);
			path = Resources;
			sourceTree = "<group>";
		};
		B8929FD9204A2E9E00FB5C05 /* Media */ = {
			isa = PBXGroup;
			children = (
				B8929FBC204A2D9E00FB5C05 /* Assets.xcassets */,
			);
			path = Media;
			sourceTree = "<group>";
		};
		B8929FDB204A2EC200FB5C05 /* Other Sources */ = {
			isa = PBXGroup;
			children = (
				B8929FC1204A2D9E00FB5C05 /* Info.plist */,
				B8929FB5204A2D9E00FB5C05 /* AppDelegate.swift */,
				B8E451DB2059DF2100FBBCCE /* Localizable.strings */,
			);
			path = "Other Sources";
			sourceTree = "<group>";
		};
		B8B208752174A5CB002321BD /* CoreData */ = {
			isa = PBXGroup;
			children = (
				B82089EA218086F400A8C6FE /* CoreDataManager.swift */,
				B823BA352175642100FF1EF2 /* CoreDataHelper.swift */,
				B8929FDE204A2FCE00FB5C05 /* UserData.xcdatamodeld */,
			);
			name = CoreData;
			sourceTree = "<group>";
		};
		B8B208762174A5DA002321BD /* Controllers */ = {
			isa = PBXGroup;
			children = (
				B8929FB7204A2D9E00FB5C05 /* IntroController.swift */,
				B80471B32092BDC000805C00 /* SignupController.swift */,
				B8BF13C8217CFF0500E31C90 /* MenuController.swift */,
				B85C609C218A7F240009E58B /* LinkListController.swift */,
				B85C60A0218A8F400009E58B /* LinkDetailController.swift */,
			);
			name = Controllers;
			sourceTree = "<group>";
		};
		B8B208772174A5DF002321BD /* Helpers */ = {
			isa = PBXGroup;
			children = (
				B8C850B321A1C5100003AFAB /* LoginValidationHelper.swift */,
			);
			name = Helpers;
			sourceTree = "<group>";
		};
		B8C850B621A1C5360003AFAB /* Enum */ = {
			isa = PBXGroup;
			children = (
				B8C850B721A1C5450003AFAB /* ErrorType.swift */,
			);
			path = Enum;
			sourceTree = "<group>";
		};
/* End PBXGroup section */

/* Begin PBXNativeTarget section */
		B8929FB1204A2D9E00FB5C05 /* Nasa Api Tests */ = {
			isa = PBXNativeTarget;
			buildConfigurationList = B8929FCF204A2D9F00FB5C05 /* Build configuration list for PBXNativeTarget "Nasa Api Tests" */;
			buildPhases = (
				988719243B630ADF5A0F0789 /* [CP] Check Pods Manifest.lock */,
				B8929FAE204A2D9E00FB5C05 /* Sources */,
				B8929FAF204A2D9E00FB5C05 /* Frameworks */,
				B8929FB0204A2D9E00FB5C05 /* Resources */,
				AA65E39AA6D1D75633A63BC7 /* [CP] Embed Pods Frameworks */,
			);
			buildRules = (
			);
			dependencies = (
			);
			name = "Nasa Api Tests";
			productName = "Nasa Api Tests";
			productReference = B8929FB2204A2D9E00FB5C05 /* NasaApi.dev.app */;
			productType = "com.apple.product-type.application";
		};
		B8929FC5204A2D9F00FB5C05 /* Nasa Api TestsUITests */ = {
			isa = PBXNativeTarget;
			buildConfigurationList = B8929FD2204A2D9F00FB5C05 /* Build configuration list for PBXNativeTarget "Nasa Api TestsUITests" */;
			buildPhases = (
				B8929FC2204A2D9F00FB5C05 /* Sources */,
				B8929FC3204A2D9F00FB5C05 /* Frameworks */,
				B8929FC4204A2D9F00FB5C05 /* Resources */,
			);
			buildRules = (
			);
			dependencies = (
				B8929FC8204A2D9F00FB5C05 /* PBXTargetDependency */,
			);
			name = "Nasa Api TestsUITests";
			productName = "Nasa Api TestsUITests";
			productReference = B8929FC6204A2D9F00FB5C05 /* Nasa Api TestsUITests.xctest */;
			productType = "com.apple.product-type.bundle.ui-testing";
		};
/* End PBXNativeTarget section */

/* Begin PBXProject section */
		B8929FAA204A2D9E00FB5C05 /* Project object */ = {
			isa = PBXProject;
			attributes = {
				LastSwiftUpdateCheck = 0920;
				LastUpgradeCheck = 0920;
				ORGANIZATIONNAME = "Chrystian Salgado";
				TargetAttributes = {
					B8929FB1204A2D9E00FB5C05 = {
						CreatedOnToolsVersion = 9.2;
						ProvisioningStyle = Automatic;
					};
					B8929FC5204A2D9F00FB5C05 = {
						CreatedOnToolsVersion = 9.2;
						ProvisioningStyle = Automatic;
						TestTargetID = B8929FB1204A2D9E00FB5C05;
					};
				};
			};
			buildConfigurationList = B8929FAD204A2D9E00FB5C05 /* Build configuration list for PBXProject "Nasa Api Tests" */;
			compatibilityVersion = "Xcode 8.0";
			developmentRegion = en;
			hasScannedForEncodings = 0;
			knownRegions = (
				en,
				Base,
				"pt-BR",
			);
			mainGroup = B8929FA9204A2D9E00FB5C05;
			productRefGroup = B8929FB3204A2D9E00FB5C05 /* Products */;
			projectDirPath = "";
			projectRoot = "";
			targets = (
				B8929FB1204A2D9E00FB5C05 /* Nasa Api Tests */,
				B8929FC5204A2D9F00FB5C05 /* Nasa Api TestsUITests */,
			);
		};
/* End PBXProject section */

/* Begin PBXResourcesBuildPhase section */
		B8929FB0204A2D9E00FB5C05 /* Resources */ = {
			isa = PBXResourcesBuildPhase;
			buildActionMask = 2147483647;
			files = (
				B84510EE2189CC89008904A5 /* Menu.storyboard in Resources */,
				B8929FC0204A2D9E00FB5C05 /* LaunchScreen.storyboard in Resources */,
				B8E451D92059DF2100FBBCCE /* Localizable.strings in Resources */,
				B85C6098218A7B2B0009E58B /* ListOfLinks.storyboard in Resources */,
				B8929FBD204A2D9E00FB5C05 /* Assets.xcassets in Resources */,
				B8929FBB204A2D9E00FB5C05 /* Main.storyboard in Resources */,
			);
			runOnlyForDeploymentPostprocessing = 0;
		};
		B8929FC4204A2D9F00FB5C05 /* Resources */ = {
			isa = PBXResourcesBuildPhase;
			buildActionMask = 2147483647;
			files = (
			);
			runOnlyForDeploymentPostprocessing = 0;
		};
/* End PBXResourcesBuildPhase section */

/* Begin PBXShellScriptBuildPhase section */
		988719243B630ADF5A0F0789 /* [CP] Check Pods Manifest.lock */ = {
			isa = PBXShellScriptBuildPhase;
			buildActionMask = 2147483647;
			files = (
			);
			inputPaths = (
				"${PODS_PODFILE_DIR_PATH}/Podfile.lock",
				"${PODS_ROOT}/Manifest.lock",
			);
			name = "[CP] Check Pods Manifest.lock";
			outputPaths = (
				"$(DERIVED_FILE_DIR)/Pods-Nasa Api Tests-checkManifestLockResult.txt",
			);
			runOnlyForDeploymentPostprocessing = 0;
			shellPath = /bin/sh;
			shellScript = "diff \"${PODS_PODFILE_DIR_PATH}/Podfile.lock\" \"${PODS_ROOT}/Manifest.lock\" > /dev/null\nif [ $? != 0 ] ; then\n    # print error to STDERR\n    echo \"error: The sandbox is not in sync with the Podfile.lock. Run 'pod install' or update your CocoaPods installation.\" >&2\n    exit 1\nfi\n# This output is used by Xcode 'outputs' to avoid re-running this script phase.\necho \"SUCCESS\" > \"${SCRIPT_OUTPUT_FILE_0}\"\n";
			showEnvVarsInLog = 0;
		};
		AA65E39AA6D1D75633A63BC7 /* [CP] Embed Pods Frameworks */ = {
			isa = PBXShellScriptBuildPhase;
			buildActionMask = 2147483647;
			files = (
			);
			inputPaths = (
				"${PODS_ROOT}/Target Support Files/Pods-Nasa Api Tests/Pods-Nasa Api Tests-frameworks.sh",
				"${BUILT_PRODUCTS_DIR}/CSUtils/CSUtils.framework",
				"${BUILT_PRODUCTS_DIR}/IBLocalizable/IBLocalizable.framework",
				"${BUILT_PRODUCTS_DIR}/KeychainSwift/KeychainSwift.framework",
				"${BUILT_PRODUCTS_DIR}/TPKeyboardAvoiding/TPKeyboardAvoiding.framework",
			);
			name = "[CP] Embed Pods Frameworks";
			outputPaths = (
				"${TARGET_BUILD_DIR}/${FRAMEWORKS_FOLDER_PATH}/CSUtils.framework",
				"${TARGET_BUILD_DIR}/${FRAMEWORKS_FOLDER_PATH}/IBLocalizable.framework",
				"${TARGET_BUILD_DIR}/${FRAMEWORKS_FOLDER_PATH}/KeychainSwift.framework",
				"${TARGET_BUILD_DIR}/${FRAMEWORKS_FOLDER_PATH}/TPKeyboardAvoiding.framework",
			);
			runOnlyForDeploymentPostprocessing = 0;
			shellPath = /bin/sh;
			shellScript = "\"${PODS_ROOT}/Target Support Files/Pods-Nasa Api Tests/Pods-Nasa Api Tests-frameworks.sh\"\n";
			showEnvVarsInLog = 0;
		};
/* End PBXShellScriptBuildPhase section */

/* Begin PBXSourcesBuildPhase section */
		B8929FAE204A2D9E00FB5C05 /* Sources */ = {
			isa = PBXSourcesBuildPhase;
			buildActionMask = 2147483647;
			files = (
				B81CE9D0218B14B200DD4684 /* NetworkManager.swift in Sources */,
				B8844D8621BDD84B00E87F60 /* IntroInteractor.swift in Sources */,
				B823BA362175642100FF1EF2 /* CoreDataHelper.swift in Sources */,
				B8929FE0204A2FCE00FB5C05 /* UserData.xcdatamodeld in Sources */,
				B83BBCE921B1496900347C7A /* LoginHandler.swift in Sources */,
				B85CB4BF21919C5B0012DFA6 /* AsteroidDistance.swift in Sources */,
				B8929FB8204A2D9E00FB5C05 /* IntroController.swift in Sources */,
				B8C850B421A1C5100003AFAB /* LoginValidationHelper.swift in Sources */,
				B8C850B821A1C5450003AFAB /* ErrorType.swift in Sources */,
				B85C609F218A874A0009E58B /* NasaFeedModel.swift in Sources */,
				B82089F1218088B200A8C6FE /* SignedUserable.swift in Sources */,
				B8929FB6204A2D9E00FB5C05 /* AppDelegate.swift in Sources */,
				B85CB4BB219191EB0012DFA6 /* AsteroidsModel.swift in Sources */,
				B85C609D218A7F240009E58B /* LinkListController.swift in Sources */,
				B82089F3218089E400A8C6FE /* EntitySignedUser.swift in Sources */,
				B85C60A1218A8F400009E58B /* LinkDetailController.swift in Sources */,
				B82089EE2180887400A8C6FE /* SignedUser.swift in Sources */,
				B8BF13C9217CFF0500E31C90 /* MenuController.swift in Sources */,
				B82089EB218086F400A8C6FE /* CoreDataManager.swift in Sources */,
				B81CE9D2218B17EC00DD4684 /* ApodObjModel.swift in Sources */,
				B80471B42092BDC000805C00 /* SignupController.swift in Sources */,
				B8844D8821BDD89600E87F60 /* IntroPresenter.swift in Sources */,
				B85C609B218A7E660009E58B /* LinkListCell.swift in Sources */,
			);
			runOnlyForDeploymentPostprocessing = 0;
		};
		B8929FC2204A2D9F00FB5C05 /* Sources */ = {
			isa = PBXSourcesBuildPhase;
			buildActionMask = 2147483647;
			files = (
				B8929FCB204A2D9F00FB5C05 /* Nasa_Api_TestsUITests.swift in Sources */,
			);
			runOnlyForDeploymentPostprocessing = 0;
		};
/* End PBXSourcesBuildPhase section */

/* Begin PBXTargetDependency section */
		B8929FC8204A2D9F00FB5C05 /* PBXTargetDependency */ = {
			isa = PBXTargetDependency;
			target = B8929FB1204A2D9E00FB5C05 /* Nasa Api Tests */;
			targetProxy = B8929FC7204A2D9F00FB5C05 /* PBXContainerItemProxy */;
		};
/* End PBXTargetDependency section */

/* Begin PBXVariantGroup section */
		B84510F02189CC8A008904A5 /* Menu.storyboard */ = {
			isa = PBXVariantGroup;
			children = (
				B84510EF2189CC8A008904A5 /* Base */,
				B84510F22189CCA1008904A5 /* pt-BR */,
				B8844D8321BDBC0D00E87F60 /* en */,
			);
			name = Menu.storyboard;
			sourceTree = "<group>";
		};
		B8929FB9204A2D9E00FB5C05 /* Main.storyboard */ = {
			isa = PBXVariantGroup;
			children = (
				B8929FBA204A2D9E00FB5C05 /* Base */,
				B8E451DC2059DF8A00FBBCCE /* pt-BR */,
				B8E451E02059DFC400FBBCCE /* en */,
			);
			name = Main.storyboard;
			sourceTree = "<group>";
		};
		B8929FBE204A2D9E00FB5C05 /* LaunchScreen.storyboard */ = {
			isa = PBXVariantGroup;
			children = (
				B8929FBF204A2D9E00FB5C05 /* Base */,
				B8E451DD2059DF8B00FBBCCE /* pt-BR */,
			);
			name = LaunchScreen.storyboard;
			sourceTree = "<group>";
		};
		B8E451DB2059DF2100FBBCCE /* Localizable.strings */ = {
			isa = PBXVariantGroup;
			children = (
				B8E451DA2059DF2100FBBCCE /* en */,
				B8E451DE2059DF8B00FBBCCE /* pt-BR */,
			);
			name = Localizable.strings;
			sourceTree = "<group>";
		};
/* End PBXVariantGroup section */

/* Begin XCBuildConfiguration section */
		B8929FCD204A2D9F00FB5C05 /* Debug */ = {
			isa = XCBuildConfiguration;
			buildSettings = {
				ALWAYS_SEARCH_USER_PATHS = NO;
				CLANG_ANALYZER_LOCALIZABILITY_NONLOCALIZED = YES;
				CLANG_ANALYZER_NONNULL = YES;
				CLANG_ANALYZER_NUMBER_OBJECT_CONVERSION = YES_AGGRESSIVE;
				CLANG_CXX_LANGUAGE_STANDARD = "gnu++14";
				CLANG_CXX_LIBRARY = "libc++";
				CLANG_ENABLE_MODULES = YES;
				CLANG_ENABLE_OBJC_ARC = YES;
				CLANG_WARN_BLOCK_CAPTURE_AUTORELEASING = YES;
				CLANG_WARN_BOOL_CONVERSION = YES;
				CLANG_WARN_COMMA = YES;
				CLANG_WARN_CONSTANT_CONVERSION = YES;
				CLANG_WARN_DIRECT_OBJC_ISA_USAGE = YES_ERROR;
				CLANG_WARN_DOCUMENTATION_COMMENTS = YES;
				CLANG_WARN_EMPTY_BODY = YES;
				CLANG_WARN_ENUM_CONVERSION = YES;
				CLANG_WARN_INFINITE_RECURSION = YES;
				CLANG_WARN_INT_CONVERSION = YES;
				CLANG_WARN_NON_LITERAL_NULL_CONVERSION = YES;
				CLANG_WARN_OBJC_LITERAL_CONVERSION = YES;
				CLANG_WARN_OBJC_ROOT_CLASS = YES_ERROR;
				CLANG_WARN_RANGE_LOOP_ANALYSIS = YES;
				CLANG_WARN_STRICT_PROTOTYPES = YES;
				CLANG_WARN_SUSPICIOUS_MOVE = YES;
				CLANG_WARN_UNGUARDED_AVAILABILITY = YES_AGGRESSIVE;
				CLANG_WARN_UNREACHABLE_CODE = YES;
				CLANG_WARN__DUPLICATE_METHOD_MATCH = YES;
				CODE_SIGN_IDENTITY = "iPhone Developer";
				COPY_PHASE_STRIP = NO;
				DEBUG_INFORMATION_FORMAT = dwarf;
				ENABLE_STRICT_OBJC_MSGSEND = YES;
				ENABLE_TESTABILITY = YES;
				GCC_C_LANGUAGE_STANDARD = gnu11;
				GCC_DYNAMIC_NO_PIC = NO;
				GCC_NO_COMMON_BLOCKS = YES;
				GCC_OPTIMIZATION_LEVEL = s;
				GCC_PREPROCESSOR_DEFINITIONS = (
					"DEBUG=1",
					"$(inherited)",
				);
				GCC_WARN_64_TO_32_BIT_CONVERSION = YES;
				GCC_WARN_ABOUT_RETURN_TYPE = YES_ERROR;
				GCC_WARN_UNDECLARED_SELECTOR = YES;
				GCC_WARN_UNINITIALIZED_AUTOS = YES_AGGRESSIVE;
				GCC_WARN_UNUSED_FUNCTION = YES;
				GCC_WARN_UNUSED_VARIABLE = YES;
				IPHONEOS_DEPLOYMENT_TARGET = 10.0;
				MTL_ENABLE_DEBUG_INFO = YES;
				ONLY_ACTIVE_ARCH = YES;
				PRODUCT_NAME = "NasaApi$(SUFFIX_NAME)";
				SDKROOT = iphoneos;
				SUFFIX_NAME = .dev;
				SWIFT_ACTIVE_COMPILATION_CONDITIONS = DEBUG;
				SWIFT_OPTIMIZATION_LEVEL = "-Onone";
			};
			name = Debug;
		};
		B8929FCE204A2D9F00FB5C05 /* Release */ = {
			isa = XCBuildConfiguration;
			buildSettings = {
				ALWAYS_SEARCH_USER_PATHS = NO;
				CLANG_ANALYZER_LOCALIZABILITY_NONLOCALIZED = YES;
				CLANG_ANALYZER_NONNULL = YES;
				CLANG_ANALYZER_NUMBER_OBJECT_CONVERSION = YES_AGGRESSIVE;
				CLANG_CXX_LANGUAGE_STANDARD = "gnu++14";
				CLANG_CXX_LIBRARY = "libc++";
				CLANG_ENABLE_MODULES = YES;
				CLANG_ENABLE_OBJC_ARC = YES;
				CLANG_WARN_BLOCK_CAPTURE_AUTORELEASING = YES;
				CLANG_WARN_BOOL_CONVERSION = YES;
				CLANG_WARN_COMMA = YES;
				CLANG_WARN_CONSTANT_CONVERSION = YES;
				CLANG_WARN_DIRECT_OBJC_ISA_USAGE = YES_ERROR;
				CLANG_WARN_DOCUMENTATION_COMMENTS = YES;
				CLANG_WARN_EMPTY_BODY = YES;
				CLANG_WARN_ENUM_CONVERSION = YES;
				CLANG_WARN_INFINITE_RECURSION = YES;
				CLANG_WARN_INT_CONVERSION = YES;
				CLANG_WARN_NON_LITERAL_NULL_CONVERSION = YES;
				CLANG_WARN_OBJC_LITERAL_CONVERSION = YES;
				CLANG_WARN_OBJC_ROOT_CLASS = YES_ERROR;
				CLANG_WARN_RANGE_LOOP_ANALYSIS = YES;
				CLANG_WARN_STRICT_PROTOTYPES = YES;
				CLANG_WARN_SUSPICIOUS_MOVE = YES;
				CLANG_WARN_UNGUARDED_AVAILABILITY = YES_AGGRESSIVE;
				CLANG_WARN_UNREACHABLE_CODE = YES;
				CLANG_WARN__DUPLICATE_METHOD_MATCH = YES;
				CODE_SIGN_IDENTITY = "iPhone Developer";
				COPY_PHASE_STRIP = NO;
				DEBUG_INFORMATION_FORMAT = "dwarf-with-dsym";
				ENABLE_NS_ASSERTIONS = NO;
				ENABLE_STRICT_OBJC_MSGSEND = YES;
				GCC_C_LANGUAGE_STANDARD = gnu11;
				GCC_NO_COMMON_BLOCKS = YES;
				GCC_WARN_64_TO_32_BIT_CONVERSION = YES;
				GCC_WARN_ABOUT_RETURN_TYPE = YES_ERROR;
				GCC_WARN_UNDECLARED_SELECTOR = YES;
				GCC_WARN_UNINITIALIZED_AUTOS = YES_AGGRESSIVE;
				GCC_WARN_UNUSED_FUNCTION = YES;
				GCC_WARN_UNUSED_VARIABLE = YES;
				IPHONEOS_DEPLOYMENT_TARGET = 10.0;
				MTL_ENABLE_DEBUG_INFO = NO;
				PRODUCT_NAME = "NasaApi$(SUFFIX_NAME)";
				SDKROOT = iphoneos;
				SUFFIX_NAME = "";
				SWIFT_OPTIMIZATION_LEVEL = "-Owholemodule";
				VALIDATE_PRODUCT = YES;
			};
			name = Release;
		};
		B8929FD0204A2D9F00FB5C05 /* Debug */ = {
			isa = XCBuildConfiguration;
			baseConfigurationReference = 36EF93A8ED32CA8EDC675C2A /* Pods-Nasa Api Tests.debug.xcconfig */;
			buildSettings = {
				ASSETCATALOG_COMPILER_APPICON_NAME = AppIcon;
				CODE_SIGN_STYLE = Automatic;
				DEVELOPMENT_TEAM = HT3YCTX6YE;
				INFOPLIST_FILE = "$(SRCROOT)/Nasa Api Tests/Other Sources/Info.plist";
				IPHONEOS_DEPLOYMENT_TARGET = 10.0;
				LD_RUNPATH_SEARCH_PATHS = "$(inherited) @executable_path/Frameworks";
				PRODUCT_BUNDLE_IDENTIFIER = "salgadosProductions.Nasa-Api-Tests$(SUFFIX_NAME)";
				PRODUCT_NAME = "NasaApi$(SUFFIX_NAME)";
				SWIFT_VERSION = 4.0;
				TARGETED_DEVICE_FAMILY = 1;
			};
			name = Debug;
		};
		B8929FD1204A2D9F00FB5C05 /* Release */ = {
			isa = XCBuildConfiguration;
			baseConfigurationReference = 5CC0A7FC015AB192845DEA85 /* Pods-Nasa Api Tests.release.xcconfig */;
			buildSettings = {
				ASSETCATALOG_COMPILER_APPICON_NAME = AppIcon;
				CODE_SIGN_STYLE = Automatic;
				DEVELOPMENT_TEAM = HT3YCTX6YE;
				INFOPLIST_FILE = "$(SRCROOT)/Nasa Api Tests/Other Sources/Info.plist";
				IPHONEOS_DEPLOYMENT_TARGET = 10.0;
				LD_RUNPATH_SEARCH_PATHS = "$(inherited) @executable_path/Frameworks";
				PRODUCT_BUNDLE_IDENTIFIER = "salgadosProductions.Nasa-Api-Tests$(SUFFIX_NAME)";
				PRODUCT_NAME = "NasaApi$(SUFFIX_NAME)";
				SWIFT_VERSION = 4.0;
				TARGETED_DEVICE_FAMILY = 1;
			};
			name = Release;
		};
		B8929FD3204A2D9F00FB5C05 /* Debug */ = {
			isa = XCBuildConfiguration;
			buildSettings = {
				ALWAYS_EMBED_SWIFT_STANDARD_LIBRARIES = YES;
				CODE_SIGN_STYLE = Automatic;
				DEVELOPMENT_TEAM = HT3YCTX6YE;
				INFOPLIST_FILE = "Nasa Api TestsUITests/Info.plist";
				LD_RUNPATH_SEARCH_PATHS = "$(inherited) @executable_path/Frameworks @loader_path/Frameworks";
				PRODUCT_BUNDLE_IDENTIFIER = "salgadosProductions.Nasa-Api-TestsUITests";
				PRODUCT_NAME = "$(TARGET_NAME)";
				SWIFT_VERSION = 4.0;
				TARGETED_DEVICE_FAMILY = "1,2";
				TEST_TARGET_NAME = "Nasa Api Tests";
			};
			name = Debug;
		};
		B8929FD4204A2D9F00FB5C05 /* Release */ = {
			isa = XCBuildConfiguration;
			buildSettings = {
				ALWAYS_EMBED_SWIFT_STANDARD_LIBRARIES = YES;
				CODE_SIGN_STYLE = Automatic;
				DEVELOPMENT_TEAM = HT3YCTX6YE;
				INFOPLIST_FILE = "Nasa Api TestsUITests/Info.plist";
				LD_RUNPATH_SEARCH_PATHS = "$(inherited) @executable_path/Frameworks @loader_path/Frameworks";
				PRODUCT_BUNDLE_IDENTIFIER = "salgadosProductions.Nasa-Api-TestsUITests";
				PRODUCT_NAME = "$(TARGET_NAME)";
				SWIFT_VERSION = 4.0;
				TARGETED_DEVICE_FAMILY = "1,2";
				TEST_TARGET_NAME = "Nasa Api Tests";
			};
			name = Release;
		};
/* End XCBuildConfiguration section */

/* Begin XCConfigurationList section */
		B8929FAD204A2D9E00FB5C05 /* Build configuration list for PBXProject "Nasa Api Tests" */ = {
			isa = XCConfigurationList;
			buildConfigurations = (
				B8929FCD204A2D9F00FB5C05 /* Debug */,
				B8929FCE204A2D9F00FB5C05 /* Release */,
			);
			defaultConfigurationIsVisible = 0;
			defaultConfigurationName = Release;
		};
		B8929FCF204A2D9F00FB5C05 /* Build configuration list for PBXNativeTarget "Nasa Api Tests" */ = {
			isa = XCConfigurationList;
			buildConfigurations = (
				B8929FD0204A2D9F00FB5C05 /* Debug */,
				B8929FD1204A2D9F00FB5C05 /* Release */,
			);
			defaultConfigurationIsVisible = 0;
			defaultConfigurationName = Release;
		};
		B8929FD2204A2D9F00FB5C05 /* Build configuration list for PBXNativeTarget "Nasa Api TestsUITests" */ = {
			isa = XCConfigurationList;
			buildConfigurations = (
				B8929FD3204A2D9F00FB5C05 /* Debug */,
				B8929FD4204A2D9F00FB5C05 /* Release */,
			);
			defaultConfigurationIsVisible = 0;
			defaultConfigurationName = Release;
		};
/* End XCConfigurationList section */

/* Begin XCVersionGroup section */
		B8929FDE204A2FCE00FB5C05 /* UserData.xcdatamodeld */ = {
			isa = XCVersionGroup;
			children = (
				B8929FDF204A2FCE00FB5C05 /* UserData.xcdatamodel */,
			);
			currentVersion = B8929FDF204A2FCE00FB5C05 /* UserData.xcdatamodel */;
			path = UserData.xcdatamodeld;
			sourceTree = "<group>";
			versionGroupType = wrapper.xcdatamodel;
		};
/* End XCVersionGroup section */
	};
	rootObject = B8929FAA204A2D9E00FB5C05 /* Project object */;
}
